{
  "name": "sphere-market-maker",
  "version": "0.1.0",
  "lockfileVersion": 3,
  "requires": true,
  "packages": {
    "": {
      "name": "sphere-market-maker",
      "version": "0.1.0",
      "dependencies": {
        "@unicitylabs/sphere-sdk": "^0.10.2",
        "dotenv": "^16.4.5"
      },
      "devDependencies": {
        "@types/node": "^20.0.0",
        "tsx": "^4.7.0",
        "typescript": "^5.4.0"
      }
    },
    "node_modules/@chainsafe/is-ip": {
      "version": "2.1.0",
      "resolved": "https://registry.npmjs.org/@chainsafe/is-ip/-/is-ip-2.1.0.tgz",
      "integrity": "sha512-KIjt+6IfysQ4GCv66xihEitBjvhU/bixbbbFxdJ1sqCp4uJ0wuZiYBPhksZoy4lfaF0k9cwNzY5upEW/VWdw3w==",
      "license": "MIT",
      "optional": true
    },
    "node_modules/@dnsquery/dns-packet": {
      "version": "6.1.1",
      "resolved": "https://registry.npmjs.org/@dnsquery/dns-packet/-/dns-packet-6.1.1.tgz",
      "integrity": "sha512-WXTuFvL3G+74SchFAtz3FgIYVOe196ycvGsMgvSH/8Goptb1qpIQtIuM4SOK9G9lhMWYpHxnXyy544ZhluFOew==",
      "license": "MIT",
      "optional": true,
      "dependencies": {
        "@leichtgewicht/ip-codec": "^2.0.4",
        "utf8-codec": "^1.0.0"
      },
      "engines": {
        "node": ">=6"
      }
    },
    "node_modules/@esbuild/aix-ppc64": {
      "version": "0.28.1",
      "resolved": "https://registry.npmjs.org/@esbuild/aix-ppc64/-/aix-ppc64-0.28.1.tgz",
      "integrity": "sha512-Svl7tq8k/08+p6CXPpRjQ1fKX+1odH/BQbb48fV6fj3CWHhsoIOoY87w1oHXm0qEpkIK3ZfVgp0hed3XBXzXMQ==",
      "cpu": [
        "ppc64"
      ],
      "dev": true,
      "license": "MIT",
      "optional": true,
      "os": [
        "aix"
      ],
      "engines": {
        "node": ">=18"
      }
    },
    "node_modules/@esbuild/android-arm": {
      "version": "0.28.1",
      "resolved": "https://registry.npmjs.org/@esbuild/android-arm/-/android-arm-0.28.1.tgz",
      "integrity": "sha512-0k2F129Xdio1TdJfzJ8sy1Q47vUD2NnwdhiAf7drUN1EBTfPf4hsFCtmMgu/6m8JSzsBrlmVjudMBQqOfG8usQ==",
      "cpu": [
        "arm"
      ],
      "dev": true,
      "license": "MIT",
      "optional": true,
      "os": [
        "android"
      ],
      "engines": {
        "node": ">=18"
      }
    },
    "node_modules/@esbuild/android-arm64": {
      "version": "0.28.1",
      "resolved": "https://registry.npmjs.org/@esbuild/android-arm64/-/android-arm64-0.28.1.tgz",
      "integrity": "sha512-34EGEbCIAgosYz6goLcopX6Mo7NyGv9tfwEM2/7Ce2VcVRk568iSvniGWcUXIy7wEDR1wzolcxcriFVrWYcwBg==",
      "cpu": [
        "arm64"
      ],
      "dev": true,
      "license": "MIT",
      "optional": true,
      "os": [
        "android"
      ],
      "engines": {
        "node": ">=18"
      }
    },
    "node_modules/@esbuild/android-x64": {
      "version": "0.28.1",
      "resolved": "https://registry.npmjs.org/@esbuild/android-x64/-/android-x64-0.28.1.tgz",
      "integrity": "sha512-dbwY7ltSMDWsRatcRpCnES4F+im88OCUgGZjy52shC7GqHRE/cYlxNbB4Z4UpJswpcc4Qxd2oE/ufM0p61IKng==",
      "cpu": [
        "x64"
      ],
      "dev": true,
      "license": "MIT",
      "optional": true,
      "os": [
        "android"
      ],
      "engines": {
        "node": ">=18"
      }
    },
    "node_modules/@esbuild/darwin-arm64": {
      "version": "0.28.1",
      "resolved": "https://registry.npmjs.org/@esbuild/darwin-arm64/-/darwin-arm64-0.28.1.tgz",
      "integrity": "sha512-TZbWkQY7kvTAXbXUT7uVACR5cMHsDiSz9z7ZKAX/RTq/WJEk3QyRr0wZpNhBDX+/0CtdqUIJlOiodQcta6tY3Q==",
      "cpu": [
        "arm64"
      ],
      "dev": true,
      "license": "MIT",
      "optional": true,
      "os": [
        "darwin"
      ],
      "engines": {
        "node": ">=18"
      }
    },
    "node_modules/@esbuild/darwin-x64": {
      "version": "0.28.1",
      "resolved": "https://registry.npmjs.org/@esbuild/darwin-x64/-/darwin-x64-0.28.1.tgz",
      "integrity": "sha512-zfdzgK9ACBNZLI/CyHTOx81SyNbM6YXn7rxSgX97VjyiPl9W1i4Ka4fgKECEoFCKGpvBj5qArWIGgQjOwkgskQ==",
      "cpu": [
        "x64"
      ],
      "dev": true,
      "license": "MIT",
      "optional": true,
      "os": [
        "darwin"
      ],
      "engines": {
        "node": ">=18"
      }
    },
    "node_modules/@esbuild/freebsd-arm64": {
      "version": "0.28.1",
      "resolved": "https://registry.npmjs.org/@esbuild/freebsd-arm64/-/freebsd-arm64-0.28.1.tgz",
      "integrity": "sha512-wG2EA8ENdEI0qhkSZMjfqrdY+ziCYCPMmtZjjIwOmXFjmyzEHn+UUxk5of+SYsjtfs3VpnlC7QLzSI5hY/rOAw==",
      "cpu": [
        "arm64"
      ],
      "dev": true,
      "license": "MIT",
      "optional": true,
      "os": [
        "freebsd"
      ],
      "engines": {
        "node": ">=18"
      }
    },
    "node_modules/@esbuild/freebsd-x64": {
      "version": "0.28.1",
      "resolved": "https://registry.npmjs.org/@esbuild/freebsd-x64/-/freebsd-x64-0.28.1.tgz",
      "integrity": "sha512-i7dZ9vQgnvSCzi/rYCXNgtF/U+eKZNJBzu3eTQbRgHnM7tNSizLOkRFAl3qzVc/Op/u5YkHHa4pf/3DOYHthLQ==",
      "cpu": [
        "x64"
      ],
      "dev": true,
      "license": "MIT",
      "optional": true,
      "os": [
        "freebsd"
      ],
      "engines": {
        "node": ">=18"
      }
    },
    "node_modules/@esbuild/linux-arm": {
      "version": "0.28.1",
      "resolved": "https://registry.npmjs.org/@esbuild/linux-arm/-/linux-arm-0.28.1.tgz",
      "integrity": "sha512-qVXBOHQS+d5Y722GwJzJUtOLlX7km3CraOaGormF1pDtPd2C/l1SHRPgjLunLGe51Sh5YYWKMFDyV4SxgMQYTQ==",
      "cpu": [
        "arm"
      ],
      "dev": true,
      "license": "MIT",
      "optional": true,
      "os": [
        "linux"
      ],
      "engines": {
        "node": ">=18"
      }
    },
    "node_modules/@esbuild/linux-arm64": {
      "version": "0.28.1",
      "resolved": "https://registry.npmjs.org/@esbuild/linux-arm64/-/linux-arm64-0.28.1.tgz",
      "integrity": "sha512-yHs+0uc8+nvEAfAfxrWQKK5peSNzBc4PegcMO0EJ2hT71uA7vB8Ihg2e77R2P7SG5uYjPbHlLLmve4LLLRCf0g==",
      "cpu": [
        "arm64"
      ],
      "dev": true,
      "license": "MIT",
      "optional": true,
      "os": [
        "linux"
      ],
      "engines": {
        "node": ">=18"
      }
    },
    "node_modules/@esbuild/linux-ia32": {
      "version": "0.28.1",
      "resolved": "https://registry.npmjs.org/@esbuild/linux-ia32/-/linux-ia32-0.28.1.tgz",
      "integrity": "sha512-d1z4ZuP0ajrfz/FhGT4vv278rX8KnPPJx8i5+AtK7TYbx9Le9F1hyzurZpkEyjkGa9dUGhQow4C1NmeGvqxN2w==",
      "cpu": [
        "ia32"
      ],
      "dev": true,
      "license": "MIT",
      "optional": true,
      "os": [
        "linux"
      ],
      "engines": {
        "node": ">=18"
      }
    },
    "node_modules/@esbuild/linux-loong64": {
      "version": "0.28.1",
      "resolved": "https://registry.npmjs.org/@esbuild/linux-loong64/-/linux-loong64-0.28.1.tgz",
      "integrity": "sha512-M5sRjUVZrkm1OAPR3dlOYzNmN+loZKGVi1VUQGrwuqLcbR6qeAz+famMhjASeH3YVKvZz+zT1jlh/keC3Rj/lg==",
      "cpu": [
        "loong64"
      ],
      "dev": true,
      "license": "MIT",
      "optional": true,
      "os": [
        "linux"
      ],
      "engines": {
        "node": ">=18"
      }
    },
    "node_modules/@esbuild/linux-mips64el": {
      "version": "0.28.1",
      "resolved": "https://registry.npmjs.org/@esbuild/linux-mips64el/-/linux-mips64el-0.28.1.tgz",
      "integrity": "sha512-mRObBZeHh2OxcBFPWE/FjylkRgZdYuiTR3vaTozquCGOH14iP9oN4x4Ge81CoIDYQrXmIxpFumJBu5MtZpnQJQ==",
      "cpu": [
        "mips64el"
      ],
      "dev": true,
      "license": "MIT",
      "optional": true,
      "os": [
        "linux"
      ],
      "engines": {
        "node": ">=18"
      }
    },
    "node_modules/@esbuild/linux-ppc64": {
      "version": "0.28.1",
      "resolved": "https://registry.npmjs.org/@esbuild/linux-ppc64/-/linux-ppc64-0.28.1.tgz",
      "integrity": "sha512-slScBsMAb3GFDcdrCgLwZtPYRoH2H/youv10QiZyRjmsP48fznoveWytSgCI/R0ZcUgpc0ZhIUEx6LHts8yrfQ==",
      "cpu": [
        "ppc64"
      ],
      "dev": true,
      "license": "MIT",
      "optional": true,
      "os": [
        "linux"
      ],
      "engines": {
        "node": ">=18"
      }
    },
    "node_modules/@esbuild/linux-riscv64": {
      "version": "0.28.1",
      "resolved": "https://registry.npmjs.org/@esbuild/linux-riscv64/-/linux-riscv64-0.28.1.tgz",
      "integrity": "sha512-kw0owk1o0GFETUJyW0jc0G4Yzs0BHZn0JDZ8JRT088vjJYX777BAs1fDGxAC+q831qOs2DTC96mNsG2opdfyyQ==",
      "cpu": [
        "riscv64"
      ],
      "dev": true,
      "license": "MIT",
      "optional": true,
      "os": [
        "linux"
      ],
      "engines": {
        "node": ">=18"
      }
    },
    "node_modules/@esbuild/linux-s390x": {
      "version": "0.28.1",
      "resolved": "https://registry.npmjs.org/@esbuild/linux-s390x/-/linux-s390x-0.28.1.tgz",
      "integrity": "sha512-/lAIjX8aYFRByhh6L5rYtPEDRqa9de/4V/juOXcta5frjvzXO4/sqEtyytse0g3zZFuWu5cDN0MkLz2qRDD2Ag==",
      "cpu": [
        "s390x"
      ],
      "dev": true,
      "license": "MIT",
      "optional": true,
      "os": [
        "linux"
      ],
      "engines": {
        "node": ">=18"
      }
    },
    "node_modules/@esbuild/linux-x64": {
      "version": "0.28.1",
      "resolved": "https://registry.npmjs.org/@esbuild/linux-x64/-/linux-x64-0.28.1.tgz",
      "integrity": "sha512-u/anNYF2mmVOEDwLtnQ1wOr3EZ9sTNGLWrsYGYwHWzGA3Si84IOkHXlbWTD1NB+9/1lcnweYKO54uhxZydNzfA==",
      "cpu": [
        "x64"
      ],
      "dev": true,
      "license": "MIT",
      "optional": true,
      "os": [
        "linux"
      ],
      "engines": {
        "node": ">=18"
      }
    },
    "node_modules/@esbuild/netbsd-arm64": {
      "version": "0.28.1",
      "resolved": "https://registry.npmjs.org/@esbuild/netbsd-arm64/-/netbsd-arm64-0.28.1.tgz",
      "integrity": "sha512-oks0DYbLwWMmaakTsCb+zL4E+aHRVLom9IJZOAthMQEPiQmydXHkziYEsGYRx0uNV/IjEKGAV941JzH02pflqw==",
      "cpu": [
        "arm64"
      ],
      "dev": true,
      "license": "MIT",
      "optional": true,
      "os": [
        "netbsd"
      ],
      "engines": {
        "node": ">=18"
      }
    },
    "node_modules/@esbuild/netbsd-x64": {
      "version": "0.28.1",
      "resolved": "https://registry.npmjs.org/@esbuild/netbsd-x64/-/netbsd-x64-0.28.1.tgz",
      "integrity": "sha512-aeL6lAnN89Hz43Mlh1G8ARasbuoYvSITDEx0tHh5b7jJnHcssqgjy9Yx430GDpmCa6OyrKoS0aNRjKundRizGg==",
      "cpu": [
        "x64"
      ],
      "dev": true,
      "license": "MIT",
      "optional": true,
      "os": [
        "netbsd"
      ],
      "engines": {
        "node": ">=18"
      }
    },
    "node_modules/@esbuild/openbsd-arm64": {
      "version": "0.28.1",
      "resolved": "https://registry.npmjs.org/@esbuild/openbsd-arm64/-/openbsd-arm64-0.28.1.tgz",
      "integrity": "sha512-MEFJe5C3R8pwXdZ5Y21oo6m7ePiS0d9pWucn99O/wvyJZChoIQKrQDxKrGeW8F5+T0okTHesAmDeiHDTIq0V/Q==",
      "cpu": [
        "arm64"
      ],
      "dev": true,
      "license": "MIT",
      "optional": true,
      "os": [
        "openbsd"
      ],
      "engines": {
        "node": ">=18"
      }
    },
    "node_modules/@esbuild/openbsd-x64": {
      "version": "0.28.1",
      "resolved": "https://registry.npmjs.org/@esbuild/openbsd-x64/-/openbsd-x64-0.28.1.tgz",
      "integrity": "sha512-i/ZLIOafE0Z8cI/XANJAixoJL/uRAoS2xOA3rb0xN+KK0K177cMAsQYkzHtBrtMXAKuAc7HGgcWiZ/sRC1Nxgw==",
      "cpu": [
        "x64"
      ],
      "dev": true,
      "license": "MIT",
      "optional": true,
      "os": [
        "openbsd"
      ],
      "engines": {
        "node": ">=18"
      }
    },
    "node_modules/@esbuild/openharmony-arm64": {
      "version": "0.28.1",
      "resolved": "https://registry.npmjs.org/@esbuild/openharmony-arm64/-/openharmony-arm64-0.28.1.tgz",
      "integrity": "sha512-ge+Z7EXFNt2BO1oAMsVpiQ8EwndV9i1xXerAeTIK7AtPs3bKFXQM7nlRxDSIUIMeueR1CNXxqztLzdNeReKBJg==",
      "cpu": [
        "arm64"
      ],
      "dev": true,
      "license": "MIT",
      "optional": true,
      "os": [
        "openharmony"
      ],
      "engines": {
        "node": ">=18"
      }
    },
    "node_modules/@esbuild/sunos-x64": {
      "version": "0.28.1",
      "resolved": "https://registry.npmjs.org/@esbuild/sunos-x64/-/sunos-x64-0.28.1.tgz",
      "integrity": "sha512-BEjgtECkL3vY+SaSQ6nzVfiALUeFxpawyp8Jmf5PtYhf1Ug40N1h/hxlhts+f1FvSvarEigdxS3BlSMI2PJLcQ==",
      "cpu": [
        "x64"
      ],
      "dev": true,
      "license": "MIT",
      "optional": true,
      "os": [
        "sunos"
      ],
      "engines": {
        "node": ">=18"
      }
    },
    "node_modules/@esbuild/win32-arm64": {
      "version": "0.28.1",
      "resolved": "https://registry.npmjs.org/@esbuild/win32-arm64/-/win32-arm64-0.28.1.tgz",
      "integrity": "sha512-lCv9eK/H6ZJWbE7bh2nw54CZ9M2nupBxJcTsdk/QQnWkdSjKGuxmmH8/GWrlT1eMmZfn4dGcCjRte397WqfQXA==",
      "cpu": [
        "arm64"
      ],
      "dev": true,
      "license": "MIT",
      "optional": true,
      "os": [
        "win32"
      ],
      "engines": {
        "node": ">=18"
      }
    },
    "node_modules/@esbuild/win32-ia32": {
      "version": "0.28.1",
      "resolved": "https://registry.npmjs.org/@esbuild/win32-ia32/-/win32-ia32-0.28.1.tgz",
      "integrity": "sha512-zvb/mB2bSCoJOpoCBgYKKpX6YM6mJBlBUVUtVj41DlZJVEB6/0CKlRYxP5wWl1C1ILiCoAU5wZZ4q1P3qeS6Eg==",
      "cpu": [
        "ia32"
      ],
      "dev": true,
      "license": "MIT",
      "optional": true,
      "os": [
        "win32"
      ],
      "engines": {
        "node": ">=18"
      }
    },
    "node_modules/@esbuild/win32-x64": {
      "version": "0.28.1",
      "resolved": "https://registry.npmjs.org/@esbuild/win32-x64/-/win32-x64-0.28.1.tgz",
      "integrity": "sha512-bm4Mowrv+GXMlpWX++EcXw/iLyd1o3+bJkC2DkWXYVvgZCqD/bSj9ctZeAMC3cIxgjRVR2Dufaiu4YPxr5gW1A==",
      "cpu": [
        "x64"
      ],
      "dev": true,
      "license": "MIT",
      "optional": true,
      "os": [
        "win32"
      ],
      "engines": {
        "node": ">=18"
      }
    },
    "node_modules/@leichtgewicht/ip-codec": {
      "version": "2.0.5",
      "resolved": "https://registry.npmjs.org/@leichtgewicht/ip-codec/-/ip-codec-2.0.5.tgz",
      "integrity": "sha512-Vo+PSpZG2/fmgmiNzYK9qWRh8h/CHrwD0mo1h1DzL4yzHNSfWYujGTYsWGreD000gcgmZ7K4Ys6Tx9TxtsKdDw==",
      "license": "MIT",
      "optional": true
    },
    "node_modules/@libp2p/crypto": {
      "version": "5.1.20",
      "resolved": "https://registry.npmjs.org/@libp2p/crypto/-/crypto-5.1.20.tgz",
      "integrity": "sha512-sPz+CvDWPDb+O8xYsueXDdrV6Kf7PciNEYvcCjOR/VqM0iHwzC7aaM0xPiQqrUDj1nggswbY/E/vNZYJ4aCQaA==",
      "license": "Apache-2.0 OR MIT",
      "optional": true,
      "dependencies": {
        "@libp2p/interface": "^3.2.4",
        "@noble/curves": "^2.0.1",
        "@noble/hashes": "^2.0.1",
        "multiformats": "^14.0.0",
        "protons-runtime": "^7.0.0",
        "uint8arraylist": "^3.0.2",
        "uint8arrays": "^6.1.1"
      }
    },
    "node_modules/@libp2p/crypto/node_modules/multiformats": {
      "version": "14.0.3",
      "resolved": "https://registry.npmjs.org/multiformats/-/multiformats-14.0.3.tgz",
      "integrity": "sha512-l7FEUCJb3tx1UWeovywhaidQdOGQOOKTfl51G2y6CQbcOHe9dp3z90NHqQ3v2SKetKgkxwa3wI+2jsyJrjJjTg==",
      "license": "Apache-2.0 OR MIT",
      "optional": true
    },
    "node_modules/@libp2p/interface": {
      "version": "3.2.4",
      "resolved": "https://registry.npmjs.org/@libp2p/interface/-/interface-3.2.4.tgz",
      "integrity": "sha512-o/ZMbsplniVQhz0AW1CinZcfZPEfr7ttu4w7aivrFAs6xDpnJYmN3FTeEgTt93EHs+AEOcIT76V3KMFDZmIEcQ==",
      "license": "Apache-2.0 OR MIT",
      "optional": true,
      "dependencies": {
        "@multiformats/dns": "^1.0.6",
        "@multiformats/multiaddr": "^13.0.3",
        "main-event": "^1.0.1",
        "multiformats": "^14.0.0",
        "progress-events": "^1.1.0",
        "uint8arraylist": "^3.0.2"
      }
    },
    "node_modules/@libp2p/interface/node_modules/multiformats": {
      "version": "14.0.3",
      "resolved": "https://registry.npmjs.org/multiformats/-/multiformats-14.0.3.tgz",
      "integrity": "sha512-l7FEUCJb3tx1UWeovywhaidQdOGQOOKTfl51G2y6CQbcOHe9dp3z90NHqQ3v2SKetKgkxwa3wI+2jsyJrjJjTg==",
      "license": "Apache-2.0 OR MIT",
      "optional": true
    },
    "node_modules/@libp2p/logger": {
      "version": "6.2.9",
      "resolved": "https://registry.npmjs.org/@libp2p/logger/-/logger-6.2.9.tgz",
      "integrity": "sha512-hjuF81KSt9dWNPJZcdJ4SHEuygMLHrPZVTGNzCWu+2jxpJqOHWy9CJS8llLH7pgbDtlq4jJ4uuqihCR5Gjo4gA==",
      "license": "Apache-2.0 OR MIT",
      "optional": true,
      "dependencies": {
        "@libp2p/interface": "^3.2.4",
        "@multiformats/multiaddr": "^13.0.3",
        "interface-datastore": "^10.0.1",
        "multiformats": "^14.0.0",
        "weald": "^1.1.0"
      }
    },
    "node_modules/@libp2p/logger/node_modules/interface-datastore": {
      "version": "10.0.1",
      "resolved": "https://registry.npmjs.org/interface-datastore/-/interface-datastore-10.0.1.tgz",
      "integrity": "sha512-DYMj/Og5Cz1Qwkx6/x5KRvR8SYEX7rVAv3KKCm2NzTwWSfpNAC4PahjcYbHyoZBP6zPWrhQv5n5wE+vaDdgSAg==",
      "license": "Apache-2.0 OR MIT",
      "optional": true,
      "dependencies": {
        "abort-error": "^1.0.2",
        "interface-store": "^8.0.0",
        "uint8arrays": "^6.1.1"
      }
    },
    "node_modules/@libp2p/logger/node_modules/interface-store": {
      "version": "8.0.0",
      "resolved": "https://registry.npmjs.org/interface-store/-/interface-store-8.0.0.tgz",
      "integrity": "sha512-e2+s3EEROzM+Wlas4hU3zveTUscvVMf1BOvdsJfpzFm19SoEXLVadpACjWOnM491HqGpvtfFnevyiaN8W+I6Eg==",
      "license": "Apache-2.0 OR MIT",
      "optional": true,
      "dependencies": {
        "abort-error": "^1.0.2"
      }
    },
    "node_modules/@libp2p/logger/node_modules/multiformats": {
      "version": "14.0.3",
      "resolved": "https://registry.npmjs.org/multiformats/-/multiformats-14.0.3.tgz",
      "integrity": "sha512-l7FEUCJb3tx1UWeovywhaidQdOGQOOKTfl51G2y6CQbcOHe9dp3z90NHqQ3v2SKetKgkxwa3wI+2jsyJrjJjTg==",
      "license": "Apache-2.0 OR MIT",
      "optional": true
    },
    "node_modules/@libp2p/peer-id": {
      "version": "6.0.11",
      "resolved": "https://registry.npmjs.org/@libp2p/peer-id/-/peer-id-6.0.11.tgz",
      "integrity": "sha512-p2Sw8y12gcrmDYGTrbvGQzMhM7ypquCfQX5WdhitI0+ArTSRHHXt7ozdpUWzcq7CNaK5r2q6FIbpz9Yxywg9Hw==",
      "license": "Apache-2.0 OR MIT",
      "optional": true,
      "dependencies": {
        "@libp2p/crypto": "^5.1.20",
        "@libp2p/interface": "^3.2.4",
        "multiformats": "^14.0.0",
        "uint8arrays": "^6.1.1"
      }
    },
    "node_modules/@libp2p/peer-id/node_modules/multiformats": {
      "version": "14.0.3",
      "resolved": "https://registry.npmjs.org/multiformats/-/multiformats-14.0.3.tgz",
      "integrity": "sha512-l7FEUCJb3tx1UWeovywhaidQdOGQOOKTfl51G2y6CQbcOHe9dp3z90NHqQ3v2SKetKgkxwa3wI+2jsyJrjJjTg==",
      "license": "Apache-2.0 OR MIT",
      "optional": true
    },
    "node_modules/@multiformats/dns": {
      "version": "1.0.15",
      "resolved": "https://registry.npmjs.org/@multiformats/dns/-/dns-1.0.15.tgz",
      "integrity": "sha512-W0zAMABtAn+3chgFcPGvllKND7M6GblMAAFcJQTy+iMmGiyFErZYPzAh2b50Y3SFf340iFV7+ckVgZkGfUyxzA==",
      "license": "Apache-2.0 OR MIT",
      "optional": true,
      "dependencies": {
        "@dnsquery/dns-packet": "^6.1.1",
        "@libp2p/interface": "^3.1.0",
        "hashlru": "^2.3.0",
        "p-queue": "^9.0.0",
        "progress-events": "^1.0.0",
        "uint8arrays": "^6.1.1"
      }
    },
    "node_modules/@multiformats/multiaddr": {
      "version": "13.0.3",
      "resolved": "https://registry.npmjs.org/@multiformats/multiaddr/-/multiaddr-13.0.3.tgz",
      "integrity": "sha512-mEqqJ4r3a/uuFMTpRkU316wGNIDQNhuVWpm+ebKTQeYsfv9jXbPONWM6VVnj3KGUrwfsX7GZOyp4TFqEA2SPCw==",
      "license": "Apache-2.0 OR MIT",
      "optional": true,
      "dependencies": {
        "@chainsafe/is-ip": "^2.0.1",
        "multiformats": "^14.0.0",
        "uint8-varint": "^3.0.0",
        "uint8arrays": "^6.1.1"
      }
    },
    "node_modules/@multiformats/multiaddr/node_modules/multiformats": {
      "version": "14.0.3",
      "resolved": "https://registry.npmjs.org/multiformats/-/multiformats-14.0.3.tgz",
      "integrity": "sha512-l7FEUCJb3tx1UWeovywhaidQdOGQOOKTfl51G2y6CQbcOHe9dp3z90NHqQ3v2SKetKgkxwa3wI+2jsyJrjJjTg==",
      "license": "Apache-2.0 OR MIT",
      "optional": true
    },
    "node_modules/@noble/ciphers": {
      "version": "2.2.0",
      "resolved": "https://registry.npmjs.org/@noble/ciphers/-/ciphers-2.2.0.tgz",
      "integrity": "sha512-Z6pjIZ/8IJcCGzb2S/0Px5J81yij85xASuk1teLNeg75bfT07MV3a/O2Mtn1I2se43k3lkVEcFaR10N4cgQcZA==",
      "license": "MIT",
      "engines": {
        "node": ">= 20.19.0"
      },
      "funding": {
        "url": "https://paulmillr.com/funding/"
      }
    },
    "node_modules/@noble/curves": {
      "version": "2.2.0",
      "resolved": "https://registry.npmjs.org/@noble/curves/-/curves-2.2.0.tgz",
      "integrity": "sha512-T/BoHgFXirb0ENSPBquzX0rcjXeM6Lo892a2jlYJkqk83LqZx0l1Of7DzlKJ6jkpvMrkHSnAcgb5JegL8SeIkQ==",
      "license": "MIT",
      "dependencies": {
        "@noble/hashes": "2.2.0"
      },
      "engines": {
        "node": ">= 20.19.0"
      },
      "funding": {
        "url": "https://paulmillr.com/funding/"
      }
    },
    "node_modules/@noble/hashes": {
      "version": "2.2.0",
      "resolved": "https://registry.npmjs.org/@noble/hashes/-/hashes-2.2.0.tgz",
      "integrity": "sha512-IYqDGiTXab6FniAgnSdZwgWbomxpy9FtYvLKs7wCUs2a8RkITG+DFGO1DM9cr+E3/RgADRpFjrKVaJ1z6sjtEg==",
      "license": "MIT",
      "engines": {
        "node": ">= 20.19.0"
      },
      "funding": {
        "url": "https://paulmillr.com/funding/"
      }
    },
    "node_modules/@scure/base": {
      "version": "1.2.6",
      "resolved": "https://registry.npmjs.org/@scure/base/-/base-1.2.6.tgz",
      "integrity": "sha512-g/nm5FgUa//MCj1gV09zTJTaM6KBAHqLN907YVQqf7zC49+DcO4B1so4ZX07Ef10Twr6nuqYEH9GEggFXA4Fmg==",
      "license": "MIT",
      "funding": {
        "url": "https://paulmillr.com/funding/"
      }
    },
    "node_modules/@types/node": {
      "version": "20.19.43",
      "resolved": "https://registry.npmjs.org/@types/node/-/node-20.19.43.tgz",
      "integrity": "sha512-6oYBAi5ikg4Pl+kGsoYtawUMBT2zZMCvPNF7pVLnHZfd1zf38DRiWn/gT01RYCdUqkv7Fhr+C9ot4/tb+2sVvA==",
      "dev": true,
      "license": "MIT",
      "dependencies": {
        "undici-types": "~6.21.0"
      }
    },
    "node_modules/@unicitylabs/nostr-js-sdk": {
      "version": "0.5.0",
      "resolved": "https://registry.npmjs.org/@unicitylabs/nostr-js-sdk/-/nostr-js-sdk-0.5.0.tgz",
      "integrity": "sha512-v6qaZBkyuZzvfjyO/x+czqftYdAqxjyfBXipsB0QJIdqePBiWHR2aRs28zzJIhCMk1vP9HXzxGnpjRqlcnzroA==",
      "license": "MIT",
      "dependencies": {
        "@noble/ciphers": "^1.0.0",
        "@noble/curves": "^1.6.0",
        "@noble/hashes": "^1.5.0",
        "@scure/base": "^1.1.9",
        "libphonenumber-js": "^1.11.14"
      },
      "engines": {
        "node": ">=18.0.0"
      }
    },
    "node_modules/@unicitylabs/nostr-js-sdk/node_modules/@noble/ciphers": {
      "version": "1.3.0",
      "resolved": "https://registry.npmjs.org/@noble/ciphers/-/ciphers-1.3.0.tgz",
      "integrity": "sha512-2I0gnIVPtfnMw9ee9h1dJG7tp81+8Ob3OJb3Mv37rx5L40/b0i7djjCVvGOVqc9AEIQyvyu1i6ypKdFw8R8gQw==",
      "license": "MIT",
      "engines": {
        "node": "^14.21.3 || >=16"
      },
      "funding": {
        "url": "https://paulmillr.com/funding/"
      }
    },
    "node_modules/@unicitylabs/nostr-js-sdk/node_modules/@noble/curves": {
      "version": "1.9.7",
      "resolved": "https://registry.npmjs.org/@noble/curves/-/curves-1.9.7.tgz",
      "integrity": "sha512-gbKGcRUYIjA3/zCCNaWDciTMFI0dCkvou3TL8Zmy5Nc7sJ47a0jtOeZoTaMxkuqRo9cRhjOdZJXegxYE5FN/xw==",
      "license": "MIT",
      "dependencies": {
        "@noble/hashes": "1.8.0"
      },
      "engines": {
        "node": "^14.21.3 || >=16"
      },
      "funding": {
        "url": "https://paulmillr.com/funding/"
      }
    },
    "node_modules/@unicitylabs/nostr-js-sdk/node_modules/@noble/hashes": {
      "version": "1.8.0",
      "resolved": "https://registry.npmjs.org/@noble/hashes/-/hashes-1.8.0.tgz",
      "integrity": "sha512-jCs9ldd7NwzpgXDIf6P3+NrHh9/sD6CQdxHyjQI+h/6rDNo88ypBxxz45UDuZHz9r3tNz7N/VInSVoVdtXEI4A==",
      "license": "MIT",
      "engines": {
        "node": "^14.21.3 || >=16"
      },
      "funding": {
        "url": "https://paulmillr.com/funding/"
      }
    },
    "node_modules/@unicitylabs/sphere-sdk": {
      "version": "0.10.7",
      "resolved": "https://registry.npmjs.org/@unicitylabs/sphere-sdk/-/sphere-sdk-0.10.7.tgz",
      "integrity": "sha512-4ry1MUNWMHpawn11FrvvwpU8U94RxxW997syU92BSrUx8Cfx2c8S+VkGUnZJJht4694/tGQI1zagnaMdDTm+xA==",
      "license": "MIT",
      "dependencies": {
        "@noble/ciphers": "^2.2.0",
        "@noble/curves": "^2.0.1",
        "@noble/hashes": "^2.0.1",
        "@unicitylabs/nostr-js-sdk": "^0.5.0",
        "@unicitylabs/state-transition-sdk": "2.0.0-rc.68bc1e5",
        "bip39": "^3.1.0",
        "buffer": "^6.0.3",
        "canonicalize": "^3.0.0",
        "crypto-js": "^4.2.0",
        "elliptic": "^6.6.1"
      },
      "engines": {
        "node": ">=22.0.0"
      },
      "optionalDependencies": {
        "@libp2p/crypto": "^5.1.13",
        "@libp2p/peer-id": "^6.0.4",
        "ipns": "^10.0.0",
        "multiformats": "^13.4.2"
      },
      "peerDependencies": {
        "@libp2p/crypto": ">=5.0.0",
        "@libp2p/peer-id": ">=6.0.0",
        "ipns": ">=10.0.0",
        "multiformats": ">=13.0.0",
        "ws": ">=8.0.0"
      },
      "peerDependenciesMeta": {
        "@libp2p/crypto": {
          "optional": true
        },
        "@libp2p/peer-id": {
          "optional": true
        },
        "ipns": {
          "optional": true
        },
        "multiformats": {
          "optional": true
        },
        "ws": {
          "optional": true
        }
      }
    },
    "node_modules/@unicitylabs/state-transition-sdk": {
      "version": "2.0.0-rc.68bc1e5",
      "resolved": "https://registry.npmjs.org/@unicitylabs/state-transition-sdk/-/state-transition-sdk-2.0.0-rc.68bc1e5.tgz",
      "integrity": "sha512-JJ1jQFTexMBRwpn3pmhm4s2FulBcOBGyNZmQ4qd5ZheenbVLUkY5KSJ++J3Gnh/Vmhd6WVuCBw+FCyqXN39aHQ==",
      "license": "ISC",
      "dependencies": {
        "@noble/curves": "2.2.0",
        "@noble/hashes": "2.2.0",
        "uuid": "14.0.0"
      },
      "engines": {
        "node": ">=22"
      }
    },
    "node_modules/abort-error": {
      "version": "1.0.2",
      "resolved": "https://registry.npmjs.org/abort-error/-/abort-error-1.0.2.tgz",
      "integrity": "sha512-lVgvB2NyPLqbXXhVmXcYFTC1x5K7CiVdPgdY7LGgFQWC8506oN01sPN3i9cl9ynuwF4iJ0TS9exnR7cZ9FuX4w==",
      "license": "Apache-2.0 OR MIT",
      "optional": true
    },
    "node_modules/base64-js": {
      "version": "1.5.1",
      "resolved": "https://registry.npmjs.org/base64-js/-/base64-js-1.5.1.tgz",
      "integrity": "sha512-AKpaYlHn8t4SVbOHCy+b5+KKgvR4vrsD8vbvrbiQJps7fKDTkjkDry6ji0rUJjC0kzbNePLwzxq8iypo41qeWA==",
      "funding": [
        {
          "type": "github",
          "url": "https://github.com/sponsors/feross"
        },
        {
          "type": "patreon",
          "url": "https://www.patreon.com/feross"
        },
        {
          "type": "consulting",
          "url": "https://feross.org/support"
        }
      ],
      "license": "MIT"
    },
    "node_modules/bip39": {
      "version": "3.1.0",
      "resolved": "https://registry.npmjs.org/bip39/-/bip39-3.1.0.tgz",
      "integrity": "sha512-c9kiwdk45Do5GL0vJMe7tS95VjCii65mYAH7DfWl3uW8AVzXKQVUm64i3hzVybBDMp9r7j9iNxR85+ul8MdN/A==",
      "license": "ISC",
      "dependencies": {
        "@noble/hashes": "^1.2.0"
      }
    },
    "node_modules/bip39/node_modules/@noble/hashes": {
      "version": "1.8.0",
      "resolved": "https://registry.npmjs.org/@noble/hashes/-/hashes-1.8.0.tgz",
      "integrity": "sha512-jCs9ldd7NwzpgXDIf6P3+NrHh9/sD6CQdxHyjQI+h/6rDNo88ypBxxz45UDuZHz9r3tNz7N/VInSVoVdtXEI4A==",
      "license": "MIT",
      "engines": {
        "node": "^14.21.3 || >=16"
      },
      "funding": {
        "url": "https://paulmillr.com/funding/"
      }
    },
    "node_modules/bn.js": {
      "version": "4.12.4",
      "resolved": "https://registry.npmjs.org/bn.js/-/bn.js-4.12.4.tgz",
      "integrity": "sha512-njR1b+ixG2ufvL9Zn9JGneW+b5GV6jqpYyPPpg4QVt723b5kJPGUczkUyWEH9BwEA74UakJZ43I4FDLBF7ci0g==",
      "license": "MIT"
    },
    "node_modules/brorand": {
      "version": "1.1.0",
      "resolved": "https://registry.npmjs.org/brorand/-/brorand-1.1.0.tgz",
      "integrity": "sha512-cKV8tMCEpQs4hK/ik71d6LrPOnpkpGBR0wzxqr68g2m/LB2GxVYQroAjMJZRVM1Y4BCjCKc3vAamxSzOY2RP+w==",
      "license": "MIT"
    },
    "node_modules/buffer": {
      "version": "6.0.3",
      "resolved": "https://registry.npmjs.org/buffer/-/buffer-6.0.3.tgz",
      "integrity": "sha512-FTiCpNxtwiZZHEZbcbTIcZjERVICn9yq/pDFkTl95/AxzD1naBctN7YO68riM/gLSDY7sdrMby8hofADYuuqOA==",
      "funding": [
        {
          "type": "github",
          "url": "https://github.com/sponsors/feross"
        },
        {
          "type": "patreon",
          "url": "https://www.patreon.com/feross"
        },
        {
          "type": "consulting",
          "url": "https://feross.org/support"
        }
      ],
      "license": "MIT",
      "dependencies": {
        "base64-js": "^1.3.1",
        "ieee754": "^1.2.1"
      }
    },
    "node_modules/canonicalize": {
      "version": "3.0.0",
      "resolved": "https://registry.npmjs.org/canonicalize/-/canonicalize-3.0.0.tgz",
      "integrity": "sha512-yYLfHyDMIXRyRqsKBRLX023riFLpXY2YOfdtqKXZRZy9qsfOJ9U+4F9YZL7MEzL5+ziN2x2nlBvY/Voi3EBljA==",
      "license": "Apache-2.0",
      "bin": {
        "canonicalize": "bin/canonicalize.js"
      },
      "engines": {
        "node": ">=18"
      }
    },
    "node_modules/cborg": {
      "version": "5.1.6",
      "resolved": "https://registry.npmjs.org/cborg/-/cborg-5.1.6.tgz",
      "integrity": "sha512-apu/mOSODJ98JXBz3cbiv/gAFX4oaCZQQ53+8b4IPjc1wylYxd8eJis87QP7ic4AOE4O02j02jjfUgVZUJIIvA==",
      "license": "Apache-2.0",
      "optional": true,
      "bin": {
        "cborg": "lib/bin.js"
      }
    },
    "node_modules/crypto-js": {
      "version": "4.2.0",
      "resolved": "https://registry.npmjs.org/crypto-js/-/crypto-js-4.2.0.tgz",
      "integrity": "sha512-KALDyEYgpY+Rlob/iriUtjV6d5Eq+Y191A5g4UqLAi8CyGP9N1+FdVbkc1SxKc2r4YAYqG8JzO2KGL+AizD70Q==",
      "license": "MIT"
    },
    "node_modules/dotenv": {
      "version": "16.6.1",
      "resolved": "https://registry.npmjs.org/dotenv/-/dotenv-16.6.1.tgz",
      "integrity": "sha512-uBq4egWHTcTt33a72vpSG0z3HnPuIl6NqYcTrKEg2azoEyl2hpW0zqlxysq2pK9HlDIHyHyakeYaYnSAwd8bow==",
      "license": "BSD-2-Clause",
      "engines": {
        "node": ">=12"
      },
      "funding": {
        "url": "https://dotenvx.com"
      }
    },
    "node_modules/elliptic": {
      "version": "6.6.1",
      "resolved": "https://registry.npmjs.org/elliptic/-/elliptic-6.6.1.tgz",
      "integrity": "sha512-RaddvvMatK2LJHqFJ+YA4WysVN5Ita9E35botqIYspQ4TkRAlCicdzKOjlyv/1Za5RyTNn7di//eEV0uTAfe3g==",
      "license": "MIT",
      "dependencies": {
        "bn.js": "^4.11.9",
        "brorand": "^1.1.0",
        "hash.js": "^1.0.0",
        "hmac-drbg": "^1.0.1",
        "inherits": "^2.0.4",
        "minimalistic-assert": "^1.0.1",
        "minimalistic-crypto-utils": "^1.0.1"
      }
    },
    "node_modules/esbuild": {
      "version": "0.28.1",
      "resolved": "https://registry.npmjs.org/esbuild/-/esbuild-0.28.1.tgz",
      "integrity": "sha512-HrJrvZv5ayxBzPfwphOoNzkzOIIlifzk0KJrGK2c8R4+LKpMtpYLQeUdjnwjWv/LZlkH2laZk+4w78pi99D4Vw==",
      "dev": true,
      "hasInstallScript": true,
      "license": "MIT",
      "bin": {
        "esbuild": "bin/esbuild"
      },
      "engines": {
        "node": ">=18"
      },
      "optionalDependencies": {
        "@esbuild/aix-ppc64": "0.28.1",
        "@esbuild/android-arm": "0.28.1",
        "@esbuild/android-arm64": "0.28.1",
        "@esbuild/android-x64": "0.28.1",
        "@esbuild/darwin-arm64": "0.28.1",
        "@esbuild/darwin-x64": "0.28.1",
        "@esbuild/freebsd-arm64": "0.28.1",
        "@esbuild/freebsd-x64": "0.28.1",
        "@esbuild/linux-arm": "0.28.1",
        "@esbuild/linux-arm64": "0.28.1",
        "@esbuild/linux-ia32": "0.28.1",
        "@esbuild/linux-loong64": "0.28.1",
        "@esbuild/linux-mips64el": "0.28.1",
        "@esbuild/linux-ppc64": "0.28.1",
        "@esbuild/linux-riscv64": "0.28.1",
        "@esbuild/linux-s390x": "0.28.1",
        "@esbuild/linux-x64": "0.28.1",
        "@esbuild/netbsd-arm64": "0.28.1",
        "@esbuild/netbsd-x64": "0.28.1",
        "@esbuild/openbsd-arm64": "0.28.1",
        "@esbuild/openbsd-x64": "0.28.1",
        "@esbuild/openharmony-arm64": "0.28.1",
        "@esbuild/sunos-x64": "0.28.1",
        "@esbuild/win32-arm64": "0.28.1",
        "@esbuild/win32-ia32": "0.28.1",
        "@esbuild/win32-x64": "0.28.1"
      }
    },
    "node_modules/eventemitter3": {
      "version": "5.0.4",
      "resolved": "https://registry.npmjs.org/eventemitter3/-/eventemitter3-5.0.4.tgz",
      "integrity": "sha512-mlsTRyGaPBjPedk6Bvw+aqbsXDtoAyAzm5MO7JgU+yVRyMQ5O8bD4Kcci7BS85f93veegeCPkL8R4GLClnjLFw==",
      "license": "MIT",
      "optional": true
    },
    "node_modules/fsevents": {
      "version": "2.3.3",
      "resolved": "https://registry.npmjs.org/fsevents/-/fsevents-2.3.3.tgz",
      "integrity": "sha512-5xoDfX+fL7faATnagmWPpbFtwh/R77WmMMqqHGS65C3vvB0YHrgF+B1YmZ3441tMj5n63k0212XNoJwzlhffQw==",
      "dev": true,
      "hasInstallScript": true,
      "license": "MIT",
      "optional": true,
      "os": [
        "darwin"
      ],
      "engines": {
        "node": "^8.16.0 || ^10.6.0 || >=11.0.0"
      }
    },
    "node_modules/hash.js": {
      "version": "1.1.7",
      "resolved": "https://registry.npmjs.org/hash.js/-/hash.js-1.1.7.tgz",
      "integrity": "sha512-taOaskGt4z4SOANNseOviYDvjEJinIkRgmp7LbKP2YTTmVxWBl87s/uzK9r+44BclBSp2X7K1hqeNfz9JbBeXA==",
      "license": "MIT",
      "dependencies": {
        "inherits": "^2.0.3",
        "minimalistic-assert": "^1.0.1"
      }
    },
    "node_modules/hashlru": {
      "version": "2.3.0",
      "resolved": "https://registry.npmjs.org/hashlru/-/hashlru-2.3.0.tgz",
      "integrity": "sha512-0cMsjjIC8I+D3M44pOQdsy0OHXGLVz6Z0beRuufhKa0KfaD2wGwAev6jILzXsd3/vpnNQJmWyZtIILqM1N+n5A==",
      "license": "MIT",
      "optional": true
    },
    "node_modules/hmac-drbg": {
      "version": "1.0.1",
      "resolved": "https://registry.npmjs.org/hmac-drbg/-/hmac-drbg-1.0.1.tgz",
      "integrity": "sha512-Tti3gMqLdZfhOQY1Mzf/AanLiqh1WTiJgEj26ZuYQ9fbkLomzGchCws4FyrSd4VkpBfiNhaE1On+lOz894jvXg==",
      "license": "MIT",
      "dependencies": {
        "hash.js": "^1.0.3",
        "minimalistic-assert": "^1.0.0",
        "minimalistic-crypto-utils": "^1.0.1"
      }
    },
    "node_modules/ieee754": {
      "version": "1.2.1",
      "resolved": "https://registry.npmjs.org/ieee754/-/ieee754-1.2.1.tgz",
      "integrity": "sha512-dcyqhDvX1C46lXZcVqCpK+FtMRQVdIMN6/Df5js2zouUsqG7I6sFxitIC+7KYK29KdXOLHdu9zL4sFnoVQnqaA==",
      "funding": [
        {
          "type": "github",
          "url": "https://github.com/sponsors/feross"
        },
        {
          "type": "patreon",
          "url": "https://www.patreon.com/feross"
        },
        {
          "type": "consulting",
          "url": "https://feross.org/support"
        }
      ],
      "license": "BSD-3-Clause"
    },
    "node_modules/inherits": {
      "version": "2.0.4",
      "resolved": "https://registry.npmjs.org/inherits/-/inherits-2.0.4.tgz",
      "integrity": "sha512-k/vGaX4/Yla3WzyMCvTQOXYeIHvqOKtnqBduzTHpzpQZzAskKMhZ2K+EnBiSM9zGSoIFeMpXKxa4dYeZIQqewQ==",
      "license": "ISC"
    },
    "node_modules/interface-datastore": {
      "version": "9.0.3",
      "resolved": "https://registry.npmjs.org/interface-datastore/-/interface-datastore-9.0.3.tgz",
      "integrity": "sha512-NLZa7Mp+0qn48nSwIY/C36da4uVIKzwG2tuEIpaSJArsuB2RrdyDWwkoDUyjsJ+VrMntXz38VSk9vXTx/ZUpAw==",
      "license": "Apache-2.0 OR MIT",
      "optional": true,
      "dependencies": {
        "interface-store": "^7.0.0",
        "uint8arrays": "^5.1.0"
      }
    },
    "node_modules/interface-datastore/node_modules/uint8arrays": {
      "version": "5.1.1",
      "resolved": "https://registry.npmjs.org/uint8arrays/-/uint8arrays-5.1.1.tgz",
      "integrity": "sha512-9muQwa4wZG4dKi9gMAIBtnk2Pw87SRpvWTH6lOGm19V2Uqxr4uomUf2PGqPnWc+qs06sN8owUU4jfcoWOcfwVQ==",
      "license": "Apache-2.0 OR MIT",
      "optional": true,
      "dependencies": {
        "multiformats": "^13.0.0"
      }
    },
    "node_modules/interface-store": {
      "version": "7.0.2",
      "resolved": "https://registry.npmjs.org/interface-store/-/interface-store-7.0.2.tgz",
      "integrity": "sha512-KYOPcDH+1peaPhSeoZujR5nwkVeola1EdrnrlHTIM0HRNUs9B0aTsUQMH5kTmIjaQq1BOowoUyoCamgL8IMyww==",
      "license": "Apache-2.0 OR MIT",
      "optional": true
    },
    "node_modules/ipns": {
      "version": "10.1.6",
      "resolved": "https://registry.npmjs.org/ipns/-/ipns-10.1.6.tgz",
      "integrity": "sha512-mTACIdTBBXY5kbCo3t/M3ycNWbjajLrSXhTvjD0MEGyOUaI3uMv94JbJSHGaJ2xxRlpOrRk1ifToOsyPZiglnA==",
      "license": "Apache-2.0 OR MIT",
      "optional": true,
      "dependencies": {
        "@libp2p/crypto": "^5.0.0",
        "@libp2p/interface": "^3.0.2",
        "@libp2p/logger": "^6.0.4",
        "cborg": "^5.1.0",
        "interface-datastore": "^9.0.2",
        "multiformats": "^13.2.2",
        "protons-runtime": "^6.0.1",
        "timestamp-nano": "^1.0.1",
        "uint8arraylist": "^2.4.8",
        "uint8arrays": "^5.1.0"
      }
    },
    "node_modules/ipns/node_modules/protons-runtime": {
      "version": "6.0.2",
      "resolved": "https://registry.npmjs.org/protons-runtime/-/protons-runtime-6.0.2.tgz",
      "integrity": "sha512-hiyjyANwGcgmzc+tXc1/ZcSZhKnl5MDjaVNWkISHBgadaU0sjTgKIKZMZ62d9J9zlSTyKHCs/osPkQ/3Z+7yeA==",
      "license": "Apache-2.0 OR MIT",
      "optional": true,
      "dependencies": {
        "uint8-varint": "^2.0.4",
        "uint8arraylist": "^2.4.8",
        "uint8arrays": "^5.1.0"
      }
    },
    "node_modules/ipns/node_modules/uint8-varint": {
      "version": "2.0.5",
      "resolved": "https://registry.npmjs.org/uint8-varint/-/uint8-varint-2.0.5.tgz",
      "integrity": "sha512-jeFLbL/x30wBRnWjKE1qVBXeumG46r7XmYkpis955lTQ+blccGKFrOsSMHlxePwYB1pI7L8YPHz1t4jLxEs3nA==",
      "license": "Apache-2.0 OR MIT",
      "optional": true,
      "dependencies": {
        "uint8arraylist": "^2.0.0",
        "uint8arrays": "^5.0.0"
      }
    },
    "node_modules/ipns/node_modules/uint8arraylist": {
      "version": "2.4.9",
      "resolved": "https://registry.npmjs.org/uint8arraylist/-/uint8arraylist-2.4.9.tgz",
      "integrity": "sha512-KxWjyEFzchzik3aoQlK66oaoxIReoMo5bQRm1fcjBUZvE8xv/tyR3CTKhjh6K/faV8VaF6hd5pjr45CzbwuwkA==",
      "license": "Apache-2.0 OR MIT",
      "optional": true,
      "dependencies": {
        "uint8arrays": "^5.0.1"
      }
    },
    "node_modules/ipns/node_modules/uint8arrays": {
      "version": "5.1.1",
      "resolved": "https://registry.npmjs.org/uint8arrays/-/uint8arrays-5.1.1.tgz",
      "integrity": "sha512-9muQwa4wZG4dKi9gMAIBtnk2Pw87SRpvWTH6lOGm19V2Uqxr4uomUf2PGqPnWc+qs06sN8owUU4jfcoWOcfwVQ==",
      "license": "Apache-2.0 OR MIT",
      "optional": true,
      "dependencies": {
        "multiformats": "^13.0.0"
      }
    },
    "node_modules/libphonenumber-js": {
      "version": "1.13.7",
      "resolved": "https://registry.npmjs.org/libphonenumber-js/-/libphonenumber-js-1.13.7.tgz",
      "integrity": "sha512-rvr3HIMdOgzhz1RFGjftji+wjoAFlzhqCNqJOU/MKTZQ8d9NZxAR/tI+0weDicyoucqVR0U1GCniqHJ0f8aM2A==",
      "license": "MIT"
    },
    "node_modules/main-event": {
      "version": "1.0.4",
      "resolved": "https://registry.npmjs.org/main-event/-/main-event-1.0.4.tgz",
      "integrity": "sha512-sKazUjIy2Jalv5lkQ446iOcrx8Q7TkaCuk6xfnzg5uUqMusMLDMPmRDmSNE2kjSVpSTJo4j1bQZusS+Ib7Bvrg==",
      "license": "Apache-2.0 OR MIT",
      "optional": true
    },
    "node_modules/minimalistic-assert": {
      "version": "1.0.1",
      "resolved": "https://registry.npmjs.org/minimalistic-assert/-/minimalistic-assert-1.0.1.tgz",
      "integrity": "sha512-UtJcAD4yEaGtjPezWuO9wC4nwUnVH/8/Im3yEHQP4b67cXlD/Qr9hdITCU1xDbSEXg2XKNaP8jsReV7vQd00/A==",
      "license": "ISC"
    },
    "node_modules/minimalistic-crypto-utils": {
      "version": "1.0.1",
      "resolved": "https://registry.npmjs.org/minimalistic-crypto-utils/-/minimalistic-crypto-utils-1.0.1.tgz",
      "integrity": "sha512-JIYlbt6g8i5jKfJ3xz7rF0LXmv2TkDxBLUkiBeZ7bAx4GnnNMr8xFpGnOxn6GhTEHx3SjRrZEoU+j04prX1ktg==",
      "license": "MIT"
    },
    "node_modules/ms": {
      "version": "4.0.0-nightly.202508271359",
      "resolved": "https://registry.npmjs.org/ms/-/ms-4.0.0-nightly.202508271359.tgz",
      "integrity": "sha512-WC/Eo7NzFrOV/RRrTaI0fxKVbNCzEy76j2VqNV8SxDf9D69gSE2Lh0QwYvDlhiYmheBYExAvEAxVf5NoN0cj2A==",
      "license": "MIT",
      "optional": true,
      "engines": {
        "node": ">=20"
      }
    },
    "node_modules/multiformats": {
      "version": "13.4.2",
      "resolved": "https://registry.npmjs.org/multiformats/-/multiformats-13.4.2.tgz",
      "integrity": "sha512-eh6eHCrRi1+POZ3dA+Dq1C6jhP1GNtr9CRINMb67OKzqW9I5DUuZM/3jLPlzhgpGeiNUlEGEbkCYChXMCc/8DQ==",
      "license": "Apache-2.0 OR MIT",
      "optional": true
    },
    "node_modules/p-queue": {
      "version": "9.3.0",
      "resolved": "https://registry.npmjs.org/p-queue/-/p-queue-9.3.0.tgz",
      "integrity": "sha512-7NED7xhQ74Ngp4JP/2e0VZHp7vSWfJfqeiR92jPgxsz6m0Se4P03YoTKa9dDXyZ3r6P616gUXttrB6nnHYKang==",
      "license": "MIT",
      "optional": true,
      "dependencies": {
        "eventemitter3": "^5.0.4",
        "p-timeout": "^7.0.0"
      },
      "engines": {
        "node": ">=20"
      },
      "funding": {
        "url": "https://github.com/sponsors/sindresorhus"
      }
    },
    "node_modules/p-timeout": {
      "version": "7.0.1",
      "resolved": "https://registry.npmjs.org/p-timeout/-/p-timeout-7.0.1.tgz",
      "integrity": "sha512-AxTM2wDGORHGEkPCt8yqxOTMgpfbEHqF51f/5fJCmwFC3C/zNcGT63SymH2ttOAaiIws2zVg4+izQCjrakcwHg==",
      "license": "MIT",
      "optional": true,
      "engines": {
        "node": ">=20"
      },
      "funding": {
        "url": "https://github.com/sponsors/sindresorhus"
      }
    },
    "node_modules/progress-events": {
      "version": "1.1.0",
      "resolved": "https://registry.npmjs.org/progress-events/-/progress-events-1.1.0.tgz",
      "integrity": "sha512-82DVc5tI36neVB3IjdXR11ztwGuoBc98em9ijzubeZKxI47OlV2Znq6mlPqE5xPDzO2Uw98GHiQSjj2favBCRQ==",
      "license": "Apache-2.0 OR MIT",
      "optional": true
    },
    "node_modules/protons-runtime": {
      "version": "7.0.0",
      "resolved": "https://registry.npmjs.org/protons-runtime/-/protons-runtime-7.0.0.tgz",
      "integrity": "sha512-r/e72006xoVND4Uvf1aIs4OQOkJaASBU3ip4DzOWAktoKAkTiOYqKoS3TYMBm8HnnYU8+h0uEzr5gIRwk/pmTg==",
      "license": "Apache-2.0 OR MIT",
      "optional": true,
      "dependencies": {
        "uint8-varint": "^3.0.0",
        "uint8arraylist": "^3.0.0",
        "uint8arrays": "^6.0.0"
      }
    },
    "node_modules/supports-color": {
      "version": "10.2.2",
      "resolved": "https://registry.npmjs.org/supports-color/-/supports-color-10.2.2.tgz",
      "integrity": "sha512-SS+jx45GF1QjgEXQx4NJZV9ImqmO2NPz5FNsIHrsDjh2YsHnawpan7SNQ1o8NuhrbHZy9AZhIoCUiCeaW/C80g==",
      "license": "MIT",
      "optional": true,
      "engines": {
        "node": ">=18"
      },
      "funding": {
        "url": "https://github.com/chalk/supports-color?sponsor=1"
      }
    },
    "node_modules/timestamp-nano": {
      "version": "1.0.1",
      "resolved": "https://registry.npmjs.org/timestamp-nano/-/timestamp-nano-1.0.1.tgz",
      "integrity": "sha512-4oGOVZWTu5sl89PtCDnhQBSt7/vL1zVEwAfxH1p49JhTosxzVQWYBYFRFZ8nJmo0G6f824iyP/44BFAwIoKvIA==",
      "license": "MIT",
      "optional": true,
      "engines": {
        "node": ">= 4.5.0"
      }
    },
    "node_modules/tsx": {
      "version": "4.22.4",
      "resolved": "https://registry.npmjs.org/tsx/-/tsx-4.22.4.tgz",
      "integrity": "sha512-X8EX+XV4QR5xCsrgxaED954zTDfY8KqlDtskKEL0cHhyS/P8b4IFOvGDQpsC9Q1XnLq915wEfwwY/zzskCtmhg==",
      "dev": true,
      "license": "MIT",
      "dependencies": {
        "esbuild": "~0.28.0"
      },
      "bin": {
        "tsx": "dist/cli.mjs"
      },
      "engines": {
        "node": ">=18.0.0"
      },
      "optionalDependencies": {
        "fsevents": "~2.3.3"
      }
    },
    "node_modules/typescript": {
      "version": "5.9.3",
      "resolved": "https://registry.npmjs.org/typescript/-/typescript-5.9.3.tgz",
      "integrity": "sha512-jl1vZzPDinLr9eUt3J/t7V6FgNEw9QjvBPdysz9KfQDD41fQrC2Y4vKQdiaUpFT4bXlb1RHhLpp8wtm6M5TgSw==",
      "dev": true,
      "license": "Apache-2.0",
      "bin": {
        "tsc": "bin/tsc",
        "tsserver": "bin/tsserver"
      },
      "engines": {
        "node": ">=14.17"
      }
    },
    "node_modules/uint8-varint": {
      "version": "3.0.0",
      "resolved": "https://registry.npmjs.org/uint8-varint/-/uint8-varint-3.0.0.tgz",
      "integrity": "sha512-S4DdpXBaLwKcFo7f0bWzWfHjbZ/i3QhM842qn+ZvHjxqFCfUcEB9SQNcmI69S+zMlcmIcKxsk9Iyw77S2Kxv6Q==",
      "license": "Apache-2.0 OR MIT",
      "optional": true,
      "dependencies": {
        "uint8arraylist": "^3.0.1",
        "uint8arrays": "^6.1.0"
      }
    },
    "node_modules/uint8arraylist": {
      "version": "3.0.2",
      "resolved": "https://registry.npmjs.org/uint8arraylist/-/uint8arraylist-3.0.2.tgz",
      "integrity": "sha512-LDVoq9BQaGJzGDUovEnoX6rpKCvnY/Jbtws4ikwnBzjRbq5qBAFpBZevUEbSmMM87aO0Sp+wOZy2ZXf5yODmXQ==",
      "license": "Apache-2.0 OR MIT",
      "optional": true,
      "dependencies": {
        "uint8arrays": "^6.0.0"
      }
    },
    "node_modules/uint8arrays": {
      "version": "6.1.1",
      "resolved": "https://registry.npmjs.org/uint8arrays/-/uint8arrays-6.1.1.tgz",
      "integrity": "sha512-iz7JN0XCSZYA111lhFG2Ui9EhFvTNekqSRHw3lvMHq+dzwWy1OQftxFQREEh4rffU0oSoXdQHsk2TiHKVm4fsA==",
      "license": "Apache-2.0 OR MIT",
      "optional": true,
      "dependencies": {
        "multiformats": "^14.0.0"
      }
    },
    "node_modules/uint8arrays/node_modules/multiformats": {
      "version": "14.0.3",
      "resolved": "https://registry.npmjs.org/multiformats/-/multiformats-14.0.3.tgz",
      "integrity": "sha512-l7FEUCJb3tx1UWeovywhaidQdOGQOOKTfl51G2y6CQbcOHe9dp3z90NHqQ3v2SKetKgkxwa3wI+2jsyJrjJjTg==",
      "license": "Apache-2.0 OR MIT",
      "optional": true
    },
    "node_modules/undici-types": {
      "version": "6.21.0",
      "resolved": "https://registry.npmjs.org/undici-types/-/undici-types-6.21.0.tgz",
      "integrity": "sha512-iwDZqg0QAGrg9Rav5H4n0M64c3mkR59cJ6wQp+7C4nI0gsmExaedaYLNO44eT4AtBBwjbTiGPMlt2Md0T9H9JQ==",
      "dev": true,
      "license": "MIT"
    },
    "node_modules/utf8-codec": {
      "version": "1.0.0",
      "resolved": "https://registry.npmjs.org/utf8-codec/-/utf8-codec-1.0.0.tgz",
      "integrity": "sha512-S/QSLezp3qvG4ld5PUfXiH7mCFxLKjSVZRFkB3DOjgwHuJPFDkInAXc/anf7BAbHt/D38ozDzL+QMZ6/7gsI6w==",
      "license": "MIT",
      "optional": true
    },
    "node_modules/uuid": {
      "version": "14.0.0",
      "resolved": "https://registry.npmjs.org/uuid/-/uuid-14.0.0.tgz",
      "integrity": "sha512-Qo+uWgilfSmAhXCMav1uYFynlQO7fMFiMVZsQqZRMIXp0O7rR7qjkj+cPvBHLgBqi960QCoo/PH2/6ZtVqKvrg==",
      "funding": [
        "https://github.com/sponsors/broofa",
        "https://github.com/sponsors/ctavan"
      ],
      "license": "MIT",
      "bin": {
        "uuid": "dist-node/bin/uuid"
      }
    },
    "node_modules/weald": {
      "version": "1.1.3",
      "resolved": "https://registry.npmjs.org/weald/-/weald-1.1.3.tgz",
      "integrity": "sha512-vMWtNbYuPb58NeG2+0sKA0Een4VMDwzf+3oHqh68buWRSOMUBlUeRb11LhV28czV+DUpJHRykifijZDuS9bInA==",
      "license": "Apache-2.0 OR MIT",
      "optional": true,
      "dependencies": {
        "ms": "^4.0.0-nightly.202508271359",
        "supports-color": "^10.0.0"
      }
    }
  }
}
